
Microsoft Visual Studio Solution File, Format Version 12.00
Project("{FAE04EC0-301F-11D3-BF4B-00C04F79EFBC}") = "TwitchBots.StebBot", "TwitchBots.StebBot\TwitchBots.StebBot.csproj", "{98922316-82FF-49B8-B1C0-197867B96644}"
EndProject
Global
	GlobalSection(SolutionConfigurationPlatforms) = preSolution
		Debug|Any CPU = Debug|Any CPU
		Release|Any CPU = Release|Any CPU
	EndGlobalSection
	GlobalSection(ProjectConfigurationPlatforms) = postSolution
		{98922316-82FF-49B8-B1C0-197867B96644}.Debug|Any CPU.ActiveCfg = Debug|Any CPU
		{98922316-82FF-49B8-B1C0-197867B96644}.Debug|Any CPU.Build.0 = Debug|Any CPU
		{98922316-82FF-49B8-B1C0-197867B96644}.Release|Any CPU.ActiveCfg = Release|Any CPU
		{98922316-82FF-49B8-B1C0-197867B96644}.Release|Any CPU.Build.0 = Release|Any CPU
	EndGlobalSection
EndGlobal
